{
    "_readme": [
        "This file locks the dependencies of your project to a known state",
        "Read more about it at https://getcomposer.org/doc/01-basic-usage.md#composer-lock-the-lock-file",
        "This file is @generated automatically"
    ],
    "hash": "b1f7f9a2f716c5d747f966f68dd4b7da",
    "content-hash": "f25bab73c972c6f4599ffd9d110e7ece",
    "packages": [
        {
            "name": "doctrine/instantiator",
            "version": "1.0.5",
            "source": {
                "type": "git",
                "url": "https://github.com/doctrine/instantiator.git",
                "reference": "8e884e78f9f0eb1329e445619e04456e64d8051d"
            },
            "dist": {
                "type": "zip",
                "url": "https://api.github.com/repos/doctrine/instantiator/zipball/8e884e78f9f0eb1329e445619e04456e64d8051d",
                "reference": "8e884e78f9f0eb1329e445619e04456e64d8051d",
                "shasum": ""
            },
            "require": {
                "php": ">=5.3,<8.0-DEV"
            },
            "require-dev": {
                "athletic/athletic": "~0.1.8",
                "ext-pdo": "*",
                "ext-phar": "*",
                "phpunit/phpunit": "~4.0",
                "squizlabs/php_codesniffer": "~2.0"
            },
            "type": "library",
            "extra": {
                "branch-alias": {
                    "dev-master": "1.0.x-dev"
                }
            },
            "autoload": {
                "psr-4": {
                    "Doctrine\\Instantiator\\": "src/Doctrine/Instantiator/"
                }
            },
            "notification-url": "https://packagist.org/downloads/",
            "license": [
                "MIT"
            ],
            "authors": [
                {
                    "name": "Marco Pivetta",
                    "email": "ocramius@gmail.com",
                    "homepage": "http://ocramius.github.com/"
                }
            ],
            "description": "A small, lightweight utility to instantiate objects in PHP without invoking their constructors",
            "homepage": "https://github.com/doctrine/instantiator",
            "keywords": [
                "constructor",
                "instantiate"
            ],
            "time": "2015-06-14 21:17:01"
        },
        {
            "name": "ffpi/ffpi-theme",
            "version": "dev-master",
            "source": {
                "type": "git",
                "url": "https://github.com/freifunk-pinneberg/typo3-tx_ffpi_theme.git",
                "reference": "1e4e5477e4501a6379185534e5dbf3913185cd18"
            },
            "dist": {
                "type": "zip",
                "url": "https://api.github.com/repos/freifunk-pinneberg/typo3-tx_ffpi_theme/zipball/1e4e5477e4501a6379185534e5dbf3913185cd18",
                "reference": "1e4e5477e4501a6379185534e5dbf3913185cd18",
                "shasum": ""
            },
            "require": {
                "typo3/cms-core": "6.2.0 - 7.6.99"
            },
            "replace": {
                "ffpi-theme": "self.version",
                "ffpi/ffpi-theme": "self.version"
            },
            "type": "typo3-cms-extension",
            "autoload": {
                "psr-4": []
            },
            "autoload-dev": {
                "psr-4": []
            },
            "license": [
                "GPL-3.0"
            ],
            "authors": [
                {
                    "name": "Kevin Quiatkowski",
                    "role": "Developer"
                }
            ],
            "description": "Theme for Freifunk Pinneberg",
            "homepage": "https://pinneberg.freifunk.net",
            "keywords": [
                "Freifunk",
                "Pinneberg",
                "Theme"
            ],
            "support": {
                "forum": "https://pinneberg.freifunk.net/forum/",
                "source": "https://github.com/freifunk-pinneberg/typo3-tx_ffpi_theme",
                "issues": "https://github.com/freifunk-pinneberg/typo3-tx_ffpi_theme/issues"
            },
            "time": "2016-07-17 09:39:31"
        },
        {
            "name": "ffpi/nodecounter",
            "version": "dev-master",
            "source": {
                "type": "git",
                "url": "https://github.com/freifunk-pinneberg/typo3-tx_ffpi_nodecounter.git",
                "reference": "4e7d838463e86041cc33bd7e6d3d0dd9ba1d33bf"
            },
            "dist": {
                "type": "zip",
                "url": "https://api.github.com/repos/freifunk-pinneberg/typo3-tx_ffpi_nodecounter/zipball/4e7d838463e86041cc33bd7e6d3d0dd9ba1d33bf",
                "reference": "4e7d838463e86041cc33bd7e6d3d0dd9ba1d33bf",
                "shasum": ""
            },
            "require": {
                "typo3/cms-core": ">=6.2.0,<7.6"
            },
            "replace": {
                "ffpi_nodecounter": "self.version",
                "typo3-ter/ffpi-nodecounter": "self.version"
            },
            "type": "typo3-cms-extension",
            "license": [
                "GPL-3.0"
            ],
            "authors": [
                {
                    "name": "Kevin Quiatkowski",
                    "role": "Developer",
                    "homepage": "https://pinneberg.freifunk.net"
                }
            ],
            "description": "Freifunk Nodecounter",
            "homepage": "https://pinneberg.freifunk.net",
            "keywords": [
                "TYPO3",
                "extension",
                "freifunk",
                "nodes"
            ],
            "support": {
                "source": "https://github.com/freifunk-pinneberg/typo3-tx_ffpi_nodecounter/tree/master",
                "issues": "https://github.com/freifunk-pinneberg/typo3-tx_ffpi_nodecounter/issues"
            },
            "time": "2016-07-16 20:10:38"
        },
        {
            "name": "helhum/class-alias-loader",
            "version": "1.1.5",
            "source": {
                "type": "git",
                "url": "https://github.com/helhum/class-alias-loader.git",
                "reference": "22d49a54af4d3dc81b7b200355b0d2e67b826ad0"
            },
            "dist": {
                "type": "zip",
                "url": "https://api.github.com/repos/helhum/class-alias-loader/zipball/22d49a54af4d3dc81b7b200355b0d2e67b826ad0",
                "reference": "22d49a54af4d3dc81b7b200355b0d2e67b826ad0",
                "shasum": ""
            },
            "require": {
                "composer-plugin-api": "^1.0"
            },
            "type": "composer-plugin",
            "extra": {
                "class": "Helhum\\ClassAliasLoader\\Composer\\Plugin",
                "branch-alias": {
                    "dev-master": "1.1.x-dev"
                }
            },
            "autoload": {
                "psr-4": {
                    "Helhum\\ClassAliasLoader\\": "Classes/"
                }
            },
            "notification-url": "https://packagist.org/downloads/",
            "license": [
                "MIT"
            ],
            "authors": [
                {
                    "name": "Helmut Hummel",
                    "email": "info@helhum.io"
                }
            ],
            "description": "Amends the composer class loader to support class aliases to provide backwards compatibility for packages",
            "homepage": "http://github.com/helhum/class-alias-loader",
            "keywords": [
                "alias",
                "autoloader",
                "classloader",
                "composer"
            ],
            "abandoned": "typo3/class-alias-loader",
            "time": "2015-06-11 14:08:07"
        },
        {
            "name": "typo3-ter/cal",
            "version": "1.10.3",
            "dist": {
                "type": "t3x",
                "url": "https://typo3.org/extensions/repository/download/cal/1.10.3/t3x/",
                "reference": null,
                "shasum": null
            },
            "require": {
                "typo3/cms-core": ">= 6.1.0, <= 7.9.99"
            },
            "replace": {
                "cal": "self.version"
            },
            "type": "typo3-cms-extension",
            "autoload": {
                "classmap": [
                    ""
                ],
                "exclude-from-classmap": [
                    "Migrations",
                    "Tests",
                    "tests",
                    "class.ext_update.php"
                ]
            },
            "authors": [
                {
                    "name": "Mario Matzulla, Jeff Segars, Franz Koch, Thomas Kowtsch",
                    "email": "mario@matzullas.de, jeff@webempoweredchurch.org, franz.koch@elements-net.de, typo3@thomas-kowtsch.de",
                    "company": "",
                    "username": "mario_matzulla"
                }
            ],
            "description": "A calendar combining all the functions of the existing calendar extensions plus adding some new features. It is based on the ical standard",
            "time": "2016-02-10 21:37:50"
        },
        {
            "name": "typo3-ter/extension-builder",
            "version": "6.2.15",
            "dist": {
                "type": "t3x",
                "url": "https://typo3.org/extensions/repository/download/extension_builder/6.2.15/t3x/",
                "reference": null,
                "shasum": null
            },
            "require": {
                "typo3/cms-core": ">= 6.2.0, <= 6.2.99"
            },
            "replace": {
                "extension_builder": "self.version",
                "typo3-ter/extension_builder": "self.version"
            },
            "suggest": {
                "typo3-ter/phpunit": "*"
            },
            "type": "typo3-cms-extension",
            "autoload": {
                "classmap": [
                    ""
                ],
                "exclude-from-classmap": [
                    "Migrations",
                    "Tests",
                    "tests",
                    "class.ext_update.php"
                ]
            },
            "authors": [
                {
                    "name": "Nico de Haen",
                    "email": "mail@ndh-websolutions.de",
                    "company": "",
                    "username": "nicodh"
                }
            ],
            "description": "The Extension Builder helps you build and manage your Extbase based TYPO3 extensions.",
            "time": "2015-11-21 18:38:29"
        },
        {
            "name": "typo3-ter/realurl",
            "version": "1.13.6",
            "dist": {
                "type": "t3x",
                "url": "https://typo3.org/extensions/repository/download/realurl/1.13.6/t3x/",
                "reference": null,
                "shasum": null
            },
            "require": {
                "php": ">= 5.3.2, <= 5.999.999",
                "typo3/cms-core": ">= 4.5.40, <= 7.9.999"
            },
            "conflict": {
                "typo3-ter/cooluri": "*",
                "typo3-ter/simulatestatic": "*"
            },
            "replace": {
                "realurl": "self.version"
            },
            "type": "typo3-cms-extension",
            "autoload": {
                "classmap": [
                    ""
                ],
                "exclude-from-classmap": [
                    "Migrations",
                    "Tests",
                    "tests",
                    "class.ext_update.php"
                ]
            },
            "authors": [
                {
                    "name": "Dmitry Dulepov",
                    "email": "dmitry.dulepov@gmail.com",
                    "company": "",
                    "username": "dmitry"
                }
            ],
            "description": "Creates nice looking URLs for TYPO3 pages: converts http://example.com/index.phpid12345&L2 to http://example.com/path/to/your/page/. Please, ask for free support in TYPO3 mailing lists or contact the maintainer for paid support.",
            "time": "2016-01-29 12:02:55"
        },
        {
            "name": "typo3-ter/static-info-tables",
            "version": "6.3.10",
            "dist": {
                "type": "t3x",
                "url": "https://typo3.org/extensions/repository/download/static_info_tables/6.3.10/t3x/",
                "reference": null,
                "shasum": null
            },
            "require": {
                "php": ">= 5.3.7",
                "typo3/cms-core": ">= 6.2.0, <= 7.6.99"
            },
            "conflict": {
                "typo3-ter/cc-infotablesmgm": "<= 99.99.99",
                "typo3-ter/sr-static-info": "<= 99.99.99",
                "typo3-ter/uncache": "<= 99.99.99"
            },
            "replace": {
                "static_info_tables": "self.version",
                "typo3-ter/static_info_tables": "self.version"
            },
            "type": "typo3-cms-extension",
            "autoload": {
                "psr-4": {
                    "SJBR\\StaticInfoTables\\": "Classes/"
                }
            },
            "authors": [
                {
                    "name": "Stanislas Rolland/Ren Fritz",
                    "email": "typo3@sjbr.ca",
                    "company": "SJBR",
                    "username": "stan"
                }
            ],
            "description": "Data and API for countries, languages and currencies.",
            "time": "2016-07-15 00:27:57"
        },
        {
            "name": "typo3-ter/tq-seo",
            "version": "6.0.1",
            "dist": {
                "type": "t3x",
                "url": "https://typo3.org/extensions/repository/download/tq_seo/6.0.1/t3x/",
                "reference": null,
                "shasum": null
            },
            "require": {
                "php": ">= 5.3.0",
                "typo3/cms-core": ">= 6.1.0, <= 6.2.99"
            },
            "replace": {
                "tq_seo": "self.version",
                "typo3-ter/tq_seo": "self.version"
            },
            "type": "typo3-cms-extension",
            "autoload": {
                "classmap": [
                    ""
                ],
                "exclude-from-classmap": [
                    "Migrations",
                    "Tests",
                    "tests",
                    "class.ext_update.php"
                ]
            },
            "authors": [
                {
                    "name": "Markus Blaschke",
                    "email": "blaschke@teqneers.de",
                    "company": "TEQneers GmbH & Co. KG",
                    "username": "teqneers"
                }
            ],
            "description": "Search Engine Optimization (SEO), Indexed Google-Sitemap (TXT- and XML-Sitemap) for all Extensions (pibase, extbase), Metatags, Canonical-URL, Pagetitle manipulations, Crawler verification, Piwik and Google Analytics support and some more... multi-language- and multi-tree-support",
            "time": "2013-11-21 13:54:02"
        },
        {
            "name": "typo3/cms",
            "version": "6.2.25",
            "source": {
                "type": "git",
                "url": "https://github.com/TYPO3/TYPO3.CMS.git",
                "reference": "d05d757b05b5cd205a9d9ede8874ff2bc9257f35"
            },
            "dist": {
                "type": "zip",
                "url": "https://api.github.com/repos/TYPO3/TYPO3.CMS/zipball/d05d757b05b5cd205a9d9ede8874ff2bc9257f35",
                "reference": "d05d757b05b5cd205a9d9ede8874ff2bc9257f35",
                "shasum": ""
            },
            "require": {
                "doctrine/instantiator": "1.0.5",
                "ext-fileinfo": "*",
                "ext-pcre": "*",
                "ext-session": "*",
                "ext-xml": "*",
                "helhum/class-alias-loader": "1.1.5",
                "php": "^5.3.7",
                "typo3/cms-composer-installers": ">1.1.4,<1.3.0"
            },
            "replace": {
                "typo3/cms-about": "self.version",
                "typo3/cms-aboutmodules": "self.version",
                "typo3/cms-adodb": "self.version",
                "typo3/cms-backend": "self.version",
                "typo3/cms-belog": "self.version",
                "typo3/cms-beuser": "self.version",
                "typo3/cms-cms": "self.version",
                "typo3/cms-context-help": "self.version",
                "typo3/cms-core": "self.version",
                "typo3/cms-cshmanual": "self.version",
                "typo3/cms-css-styled-content": "self.version",
                "typo3/cms-dbal": "self.version",
                "typo3/cms-documentation": "self.version",
                "typo3/cms-extbase": "self.version",
                "typo3/cms-extensionmanager": "self.version",
                "typo3/cms-extra-page-cm-options": "self.version",
                "typo3/cms-feedit": "self.version",
                "typo3/cms-felogin": "self.version",
                "typo3/cms-filelist": "self.version",
                "typo3/cms-filemetadata": "self.version",
                "typo3/cms-fluid": "self.version",
                "typo3/cms-form": "self.version",
                "typo3/cms-frontend": "self.version",
                "typo3/cms-func": "self.version",
                "typo3/cms-func-wizards": "self.version",
                "typo3/cms-impexp": "self.version",
                "typo3/cms-indexed-search": "self.version",
                "typo3/cms-indexed-search-mysql": "self.version",
                "typo3/cms-info": "self.version",
                "typo3/cms-info-pagetsconfig": "self.version",
                "typo3/cms-install": "self.version",
                "typo3/cms-lang": "self.version",
                "typo3/cms-linkvalidator": "self.version",
                "typo3/cms-lowlevel": "self.version",
                "typo3/cms-opendocs": "self.version",
                "typo3/cms-openid": "self.version",
                "typo3/cms-perm": "self.version",
                "typo3/cms-recordlist": "self.version",
                "typo3/cms-recycler": "self.version",
                "typo3/cms-reports": "self.version",
                "typo3/cms-rsaauth": "self.version",
                "typo3/cms-rtehtmlarea": "self.version",
                "typo3/cms-saltedpasswords": "self.version",
                "typo3/cms-scheduler": "self.version",
                "typo3/cms-setup": "self.version",
                "typo3/cms-sv": "self.version",
                "typo3/cms-sys-action": "self.version",
                "typo3/cms-sys-note": "self.version",
                "typo3/cms-t3editor": "self.version",
                "typo3/cms-t3skin": "self.version",
                "typo3/cms-taskcenter": "self.version",
                "typo3/cms-tstemplate": "self.version",
                "typo3/cms-version": "self.version",
                "typo3/cms-viewpage": "self.version",
                "typo3/cms-wizard-crpages": "self.version",
                "typo3/cms-wizard-sortpages": "self.version",
                "typo3/cms-workspaces": "self.version"
            },
            "require-dev": {
                "mikey179/vfsstream": "1.3.*@dev",
                "phpunit/phpunit": "~4.7.0"
            },
            "suggest": {
                "ext-gd": "GDlib/Freetype is required for building images with text (GIFBUILDER) and can also be used to scale images",
                "ext-openssl": "",
                "ext-soap": "",
                "ext-zip": "",
                "ext-zlib": "TYPO3 uses zlib for amongst others output compression and un/packing t3x extension files"
            },
            "type": "typo3-cms-core",
            "extra": {
                "branch-alias": {
                    "dev-TYPO3_6-2": "6.2.x-dev"
                },
                "autoload-case-sensitivity": false,
                "class-alias-maps": [
                    "typo3/sysext/backend/Migrations/Code/ClassAliasMap.php",
                    "typo3/sysext/core/Migrations/Code/ClassAliasMap.php",
                    "typo3/sysext/cshmanual/Migrations/Code/ClassAliasMap.php",
                    "typo3/sysext/extbase/Migrations/Code/ClassAliasMap.php",
                    "typo3/sysext/extensionmanager/Migrations/Code/ClassAliasMap.php",
                    "typo3/sysext/fluid/Migrations/Code/ClassAliasMap.php",
                    "typo3/sysext/frontend/Migrations/Code/ClassAliasMap.php",
                    "typo3/sysext/install/Migrations/Code/ClassAliasMap.php",
                    "typo3/sysext/lang/Migrations/Code/ClassAliasMap.php",
                    "typo3/sysext/recordlist/Migrations/Code/ClassAliasMap.php",
                    "typo3/sysext/saltedpasswords/Migrations/Code/ClassAliasMap.php",
                    "typo3/sysext/sv/Migrations/Code/ClassAliasMap.php"
                ]
            },
            "autoload": {
                "psr-0": {
                    "TYPO3\\Flow\\": "typo3/sysext/core/Resources/PHP/TYPO3.Flow/Classes/"
                },
                "psr-4": {
                    "Psr\\Log\\": "typo3/contrib/Psr/Log/",
                    "TYPO3\\CMS\\Backend\\": "typo3/sysext/backend/Classes/",
                    "TYPO3\\CMS\\Core\\": "typo3/sysext/core/Classes/",
                    "TYPO3\\CMS\\Cshmanual\\": "typo3/sysext/cshmanual/Classes/",
                    "TYPO3\\CMS\\Extbase\\": "typo3/sysext/extbase/Classes/",
                    "TYPO3\\CMS\\Extensionmanager\\": "typo3/sysext/extensionmanager/Classes/",
                    "TYPO3\\CMS\\Fluid\\": "typo3/sysext/fluid/Classes/",
                    "TYPO3\\CMS\\Frontend\\": "typo3/sysext/frontend/Classes/",
                    "TYPO3\\CMS\\Install\\": "typo3/sysext/install/Classes/",
                    "TYPO3\\CMS\\Lang\\": "typo3/sysext/lang/Classes/",
                    "TYPO3\\CMS\\Recordlist\\": "typo3/sysext/recordlist/Classes/",
                    "TYPO3\\CMS\\Saltedpasswords\\": "typo3/sysext/saltedpasswords/Classes/",
                    "TYPO3\\CMS\\Sv\\": "typo3/sysext/sv/Classes/"
                }
            },
            "notification-url": "https://packagist.org/downloads/",
            "license": [
                "GPL-2.0+"
            ],
            "authors": [
                {
                    "name": "TYPO3 CMS Core Team",
                    "homepage": "http://forge.typo3.org/projects/typo3cms-core",
                    "role": "Developer"
                },
                {
                    "name": "The TYPO3 Community",
                    "homepage": "https://typo3.org/community/",
                    "role": "Contributor"
                }
            ],
            "description": "TYPO3 CMS is a free open source Content Management Framework initially created by Kasper Skaarhoj and licensed under GNU/GPL.",
            "homepage": "http://typo3.org/",
            "keywords": [
                "Content management system",
                "cms",
                "extbase",
                "typo3"
            ],
            "time": "2016-05-24 09:55:18"
        },
        {
            "name": "typo3/cms-composer-installers",
            "version": "1.2.8",
            "source": {
                "type": "git",
                "url": "https://github.com/TYPO3/CmsComposerInstallers.git",
                "reference": "fbd6f65a1a6fa155f59fd3a17577663633733c62"
            },
            "dist": {
                "type": "zip",
                "url": "https://api.github.com/repos/TYPO3/CmsComposerInstallers/zipball/fbd6f65a1a6fa155f59fd3a17577663633733c62",
                "reference": "fbd6f65a1a6fa155f59fd3a17577663633733c62",
                "shasum": ""
            },
            "require": {
                "composer-plugin-api": "^1.0.0"
            },
            "conflict": {
                "composer/installers": "<1.0.24 || >1.0.24"
            },
            "replace": {
                "lw/typo3cms-installers": "*",
                "netresearch/composer-installers": "*"
            },
            "require-dev": {
                "composer/composer": "1.*"
            },
            "type": "composer-plugin",
            "extra": {
                "class": "TYPO3\\CMS\\Composer\\Installer\\Plugin",
                "branch-alias": {
                    "dev-master": "1.2.x-dev"
                }
            },
            "autoload": {
                "psr-0": {
                    "": "Classes/"
                }
            },
            "notification-url": "https://packagist.org/downloads/",
            "license": [
                "GPL-2.0+"
            ],
            "authors": [
                {
                    "name": "Christian Opitz",
                    "email": "christian.opitz@netresearch.de"
                },
                {
                    "name": "Lars Peipmann",
                    "email": "lars@peipmann.de"
                }
            ],
            "description": "TYPO3 CMS Installers",
            "homepage": "http://forge.typo3.org/projects/team-composer",
            "keywords": [
                "cms",
                "core",
                "extension",
                "installer",
                "typo3"
            ],
            "time": "2016-06-13 13:39:26"
        }
    ],
    "packages-dev": [],
    "aliases": [],
    "minimum-stability": "beta",
    "stability-flags": {
        "ffpi/nodecounter": 20,
        "ffpi/ffpi-theme": 20
    },
    "prefer-stable": false,
    "prefer-lowest": false,
    "platform": [],
    "platform-dev": []
}
